// !$*UTF8*$!
{
	archiveVersion = 1;
	classes = {
	};
	objectVersion = 55;
	objects = {

/* Begin PBXBuildFile section */
		111F0FD629A2320E0048CFB3 /* HomeProvider.swift in Sources */ = {isa = PBXBuildFile; fileRef = 111F0FD529A2320E0048CFB3 /* HomeProvider.swift */; };
		111F0FD829A2342F0048CFB3 /* HomePresenter.swift in Sources */ = {isa = PBXBuildFile; fileRef = 111F0FD729A2342F0048CFB3 /* HomePresenter.swift */; };
		1121103329A4E19C00BA3880 /* HomeProviderMock.swift in Sources */ = {isa = PBXBuildFile; fileRef = 1121103229A4E19C00BA3880 /* HomeProviderMock.swift */; };
		1121103629A4E1DF00BA3880 /* Utils.swift in Sources */ = {isa = PBXBuildFile; fileRef = 1121103529A4E1DF00BA3880 /* Utils.swift */; };
		1121103829A4E40C00BA3880 /* Channel.json in Resources */ = {isa = PBXBuildFile; fileRef = 1121103729A4E40C00BA3880 /* Channel.json */; };
		1121103A29A4E45200BA3880 /* Playlists.json in Resources */ = {isa = PBXBuildFile; fileRef = 1121103929A4E45200BA3880 /* Playlists.json */; };
		1121103F29A4E4C100BA3880 /* SearchVideos.json in Resources */ = {isa = PBXBuildFile; fileRef = 1121103E29A4E4C100BA3880 /* SearchVideos.json */; };
		1121104229A4E4EB00BA3880 /* PlaylistItems.json in Resources */ = {isa = PBXBuildFile; fileRef = 1121104129A4E4EB00BA3880 /* PlaylistItems.json */; };
		1121104429A4E6B000BA3880 /* VideoOnlyOne.json in Resources */ = {isa = PBXBuildFile; fileRef = 1121104329A4E6B000BA3880 /* VideoOnlyOne.json */; };
		1125A4EF29AB6A9700D6BDF7 /* BottomSheet.swift in Sources */ = {isa = PBXBuildFile; fileRef = 1125A4ED29AB6A9700D6BDF7 /* BottomSheet.swift */; };
		1125A4F029AB6A9700D6BDF7 /* BottomSheet.xib in Resources */ = {isa = PBXBuildFile; fileRef = 1125A4EE29AB6A9700D6BDF7 /* BottomSheet.xib */; };
		1125A4F329ABCD0900D6BDF7 /* UIViewExt.swift in Sources */ = {isa = PBXBuildFile; fileRef = 1125A4F229ABCD0900D6BDF7 /* UIViewExt.swift */; };
		11308F3529A7787A0010D98C /* ChannelCellTableViewCell.swift in Sources */ = {isa = PBXBuildFile; fileRef = 11308F3329A7787A0010D98C /* ChannelCellTableViewCell.swift */; };
		11308F3629A7787A0010D98C /* ChannelCellTableViewCell.xib in Resources */ = {isa = PBXBuildFile; fileRef = 11308F3429A7787A0010D98C /* ChannelCellTableViewCell.xib */; };
		11308F3929A7789D0010D98C /* VideoCell.swift in Sources */ = {isa = PBXBuildFile; fileRef = 11308F3729A7789D0010D98C /* VideoCell.swift */; };
		11308F3A29A7789D0010D98C /* VideoCell.xib in Resources */ = {isa = PBXBuildFile; fileRef = 11308F3829A7789D0010D98C /* VideoCell.xib */; };
		11308F3D29A778B80010D98C /* PlaylistCell.swift in Sources */ = {isa = PBXBuildFile; fileRef = 11308F3B29A778B80010D98C /* PlaylistCell.swift */; };
		11308F3E29A778B80010D98C /* PlaylistCell.xib in Resources */ = {isa = PBXBuildFile; fileRef = 11308F3C29A778B80010D98C /* PlaylistCell.xib */; };
		1172E83529A777450012156E /* MockManager.swift in Sources */ = {isa = PBXBuildFile; fileRef = 1172E83429A777450012156E /* MockManager.swift */; };
		118AFB5F299E35BC0070F9B9 /* AppDelegate.swift in Sources */ = {isa = PBXBuildFile; fileRef = 118AFB5E299E35BC0070F9B9 /* AppDelegate.swift */; };
		118AFB61299E35BC0070F9B9 /* SceneDelegate.swift in Sources */ = {isa = PBXBuildFile; fileRef = 118AFB60299E35BC0070F9B9 /* SceneDelegate.swift */; };
		118AFB63299E35BC0070F9B9 /* ViewController.swift in Sources */ = {isa = PBXBuildFile; fileRef = 118AFB62299E35BC0070F9B9 /* ViewController.swift */; };
		118AFB66299E35BC0070F9B9 /* Main.storyboard in Resources */ = {isa = PBXBuildFile; fileRef = 118AFB64299E35BC0070F9B9 /* Main.storyboard */; };
		118AFB68299E35BF0070F9B9 /* Assets.xcassets in Resources */ = {isa = PBXBuildFile; fileRef = 118AFB67299E35BF0070F9B9 /* Assets.xcassets */; };
		118AFB6B299E35BF0070F9B9 /* LaunchScreen.storyboard in Resources */ = {isa = PBXBuildFile; fileRef = 118AFB69299E35BF0070F9B9 /* LaunchScreen.storyboard */; };
		11B6E7DA29A1333F0008DE33 /* RootPageViewController.swift in Sources */ = {isa = PBXBuildFile; fileRef = 11B6E7D929A1333F0008DE33 /* RootPageViewController.swift */; };
		11B6E7DC29A133530008DE33 /* MainViewController.swift in Sources */ = {isa = PBXBuildFile; fileRef = 11B6E7DB29A133530008DE33 /* MainViewController.swift */; };
		11B6E7E429A135640008DE33 /* HomeViewController.swift in Sources */ = {isa = PBXBuildFile; fileRef = 11B6E7E229A135640008DE33 /* HomeViewController.swift */; };
		11B6E7E529A135640008DE33 /* HomeViewController.xib in Resources */ = {isa = PBXBuildFile; fileRef = 11B6E7E329A135640008DE33 /* HomeViewController.xib */; };
		11B6E7E829A1357B0008DE33 /* VideosViewController.swift in Sources */ = {isa = PBXBuildFile; fileRef = 11B6E7E629A1357B0008DE33 /* VideosViewController.swift */; };
		11B6E7E929A1357B0008DE33 /* VideosViewController.xib in Resources */ = {isa = PBXBuildFile; fileRef = 11B6E7E729A1357B0008DE33 /* VideosViewController.xib */; };
		11B6E7EC29A135A10008DE33 /* PlaylistsViewController.swift in Sources */ = {isa = PBXBuildFile; fileRef = 11B6E7EA29A135A10008DE33 /* PlaylistsViewController.swift */; };
		11B6E7ED29A135A10008DE33 /* PlaylistsViewController.xib in Resources */ = {isa = PBXBuildFile; fileRef = 11B6E7EB29A135A10008DE33 /* PlaylistsViewController.xib */; };
		11B6E7F029A135B90008DE33 /* ChannelsViewController.swift in Sources */ = {isa = PBXBuildFile; fileRef = 11B6E7EE29A135B90008DE33 /* ChannelsViewController.swift */; };
		11B6E7F129A135B90008DE33 /* ChannelsViewController.xib in Resources */ = {isa = PBXBuildFile; fileRef = 11B6E7EF29A135B90008DE33 /* ChannelsViewController.xib */; };
		11B6E7F429A135CD0008DE33 /* AboutViewController.swift in Sources */ = {isa = PBXBuildFile; fileRef = 11B6E7F229A135CD0008DE33 /* AboutViewController.swift */; };
		11B6E7F529A135CD0008DE33 /* AboutViewController.xib in Resources */ = {isa = PBXBuildFile; fileRef = 11B6E7F329A135CD0008DE33 /* AboutViewController.xib */; };
		11B6E7F829A145760008DE33 /* ServiceLayer.swift in Sources */ = {isa = PBXBuildFile; fileRef = 11B6E7F729A145760008DE33 /* ServiceLayer.swift */; };
		11B6E7FA29A145800008DE33 /* NetworkError.swift in Sources */ = {isa = PBXBuildFile; fileRef = 11B6E7F929A145800008DE33 /* NetworkError.swift */; };
		11B6E7FC29A145960008DE33 /* RequestModel.swift in Sources */ = {isa = PBXBuildFile; fileRef = 11B6E7FB29A145960008DE33 /* RequestModel.swift */; };
		11B6E7FF29A145CA0008DE33 /* Constants.swift in Sources */ = {isa = PBXBuildFile; fileRef = 11B6E7FE29A145CA0008DE33 /* Constants.swift */; };
		11BC9D99299F84AE00BDAA1B /* PlaylistModel.swift in Sources */ = {isa = PBXBuildFile; fileRef = 11BC9D98299F84AE00BDAA1B /* PlaylistModel.swift */; };
		11BC9D9B299FB33100BDAA1B /* VideoModel.swift in Sources */ = {isa = PBXBuildFile; fileRef = 11BC9D9A299FB33100BDAA1B /* VideoModel.swift */; };
		11BC9D9D299FB62C00BDAA1B /* ChannelsModel.swift in Sources */ = {isa = PBXBuildFile; fileRef = 11BC9D9C299FB62C00BDAA1B /* ChannelsModel.swift */; };
		11BC9D9F299FB72700BDAA1B /* PlaylistItemsModel.swift in Sources */ = {isa = PBXBuildFile; fileRef = 11BC9D9E299FB72700BDAA1B /* PlaylistItemsModel.swift */; };
		11D454B129A92A5100870FAA /* SectionTitleView.swift in Sources */ = {isa = PBXBuildFile; fileRef = 11D454B029A92A5100870FAA /* SectionTitleView.swift */; };
		59A0C25DB5E9E5DEEF80BF5B /* Pods_SamaTube.framework in Frameworks */ = {isa = PBXBuildFile; fileRef = 67951BEE8C0DA349AB18DE61 /* Pods_SamaTube.framework */; };
/* End PBXBuildFile section */

/* Begin PBXFileReference section */
		111F0FD529A2320E0048CFB3 /* HomeProvider.swift */ = {isa = PBXFileReference; lastKnownFileType = sourcecode.swift; path = HomeProvider.swift; sourceTree = "<group>"; };
		111F0FD729A2342F0048CFB3 /* HomePresenter.swift */ = {isa = PBXFileReference; lastKnownFileType = sourcecode.swift; path = HomePresenter.swift; sourceTree = "<group>"; };
		1121103229A4E19C00BA3880 /* HomeProviderMock.swift */ = {isa = PBXFileReference; lastKnownFileType = sourcecode.swift; path = HomeProviderMock.swift; sourceTree = "<group>"; };
		1121103529A4E1DF00BA3880 /* Utils.swift */ = {isa = PBXFileReference; lastKnownFileType = sourcecode.swift; path = Utils.swift; sourceTree = "<group>"; };
		1121103729A4E40C00BA3880 /* Channel.json */ = {isa = PBXFileReference; lastKnownFileType = text.json; path = Channel.json; sourceTree = "<group>"; };
		1121103929A4E45200BA3880 /* Playlists.json */ = {isa = PBXFileReference; lastKnownFileType = text.json; path = Playlists.json; sourceTree = "<group>"; };
		1121103E29A4E4C100BA3880 /* SearchVideos.json */ = {isa = PBXFileReference; lastKnownFileType = text.json; path = SearchVideos.json; sourceTree = "<group>"; };
		1121104129A4E4EB00BA3880 /* PlaylistItems.json */ = {isa = PBXFileReference; lastKnownFileType = text.json; path = PlaylistItems.json; sourceTree = "<group>"; };
		1121104329A4E6B000BA3880 /* VideoOnlyOne.json */ = {isa = PBXFileReference; lastKnownFileType = text.json; path = VideoOnlyOne.json; sourceTree = "<group>"; };
		1125A4ED29AB6A9700D6BDF7 /* BottomSheet.swift */ = {isa = PBXFileReference; lastKnownFileType = sourcecode.swift; path = BottomSheet.swift; sourceTree = "<group>"; };
		1125A4EE29AB6A9700D6BDF7 /* BottomSheet.xib */ = {isa = PBXFileReference; lastKnownFileType = file.xib; path = BottomSheet.xib; sourceTree = "<group>"; };
		1125A4F229ABCD0900D6BDF7 /* UIViewExt.swift */ = {isa = PBXFileReference; lastKnownFileType = sourcecode.swift; path = UIViewExt.swift; sourceTree = "<group>"; };
		11308F3329A7787A0010D98C /* ChannelCellTableViewCell.swift */ = {isa = PBXFileReference; lastKnownFileType = sourcecode.swift; path = ChannelCellTableViewCell.swift; sourceTree = "<group>"; };
		11308F3429A7787A0010D98C /* ChannelCellTableViewCell.xib */ = {isa = PBXFileReference; lastKnownFileType = file.xib; path = ChannelCellTableViewCell.xib; sourceTree = "<group>"; };
		11308F3729A7789D0010D98C /* VideoCell.swift */ = {isa = PBXFileReference; lastKnownFileType = sourcecode.swift; path = VideoCell.swift; sourceTree = "<group>"; };
		11308F3829A7789D0010D98C /* VideoCell.xib */ = {isa = PBXFileReference; lastKnownFileType = file.xib; path = VideoCell.xib; sourceTree = "<group>"; };
		11308F3B29A778B80010D98C /* PlaylistCell.swift */ = {isa = PBXFileReference; lastKnownFileType = sourcecode.swift; path = PlaylistCell.swift; sourceTree = "<group>"; };
		11308F3C29A778B80010D98C /* PlaylistCell.xib */ = {isa = PBXFileReference; lastKnownFileType = file.xib; path = PlaylistCell.xib; sourceTree = "<group>"; };
		1172E83429A777450012156E /* MockManager.swift */ = {isa = PBXFileReference; lastKnownFileType = sourcecode.swift; path = MockManager.swift; sourceTree = "<group>"; };
		118AFB5B299E35BC0070F9B9 /* SamaTube.app */ = {isa = PBXFileReference; explicitFileType = wrapper.application; includeInIndex = 0; path = SamaTube.app; sourceTree = BUILT_PRODUCTS_DIR; };
		118AFB5E299E35BC0070F9B9 /* AppDelegate.swift */ = {isa = PBXFileReference; lastKnownFileType = sourcecode.swift; path = AppDelegate.swift; sourceTree = "<group>"; };
		118AFB60299E35BC0070F9B9 /* SceneDelegate.swift */ = {isa = PBXFileReference; lastKnownFileType = sourcecode.swift; path = SceneDelegate.swift; sourceTree = "<group>"; };
		118AFB62299E35BC0070F9B9 /* ViewController.swift */ = {isa = PBXFileReference; lastKnownFileType = sourcecode.swift; path = ViewController.swift; sourceTree = "<group>"; };
		118AFB65299E35BC0070F9B9 /* Base */ = {isa = PBXFileReference; lastKnownFileType = file.storyboard; name = Base; path = Base.lproj/Main.storyboard; sourceTree = "<group>"; };
		118AFB67299E35BF0070F9B9 /* Assets.xcassets */ = {isa = PBXFileReference; lastKnownFileType = folder.assetcatalog; path = Assets.xcassets; sourceTree = "<group>"; };
		118AFB6A299E35BF0070F9B9 /* Base */ = {isa = PBXFileReference; lastKnownFileType = file.storyboard; name = Base; path = Base.lproj/LaunchScreen.storyboard; sourceTree = "<group>"; };
		118AFB6C299E35BF0070F9B9 /* Info.plist */ = {isa = PBXFileReference; lastKnownFileType = text.plist.xml; path = Info.plist; sourceTree = "<group>"; };
		11B6E7D929A1333F0008DE33 /* RootPageViewController.swift */ = {isa = PBXFileReference; lastKnownFileType = sourcecode.swift; path = RootPageViewController.swift; sourceTree = "<group>"; };
		11B6E7DB29A133530008DE33 /* MainViewController.swift */ = {isa = PBXFileReference; lastKnownFileType = sourcecode.swift; path = MainViewController.swift; sourceTree = "<group>"; };
		11B6E7E229A135640008DE33 /* HomeViewController.swift */ = {isa = PBXFileReference; lastKnownFileType = sourcecode.swift; path = HomeViewController.swift; sourceTree = "<group>"; };
		11B6E7E329A135640008DE33 /* HomeViewController.xib */ = {isa = PBXFileReference; lastKnownFileType = file.xib; path = HomeViewController.xib; sourceTree = "<group>"; };
		11B6E7E629A1357B0008DE33 /* VideosViewController.swift */ = {isa = PBXFileReference; lastKnownFileType = sourcecode.swift; path = VideosViewController.swift; sourceTree = "<group>"; };
		11B6E7E729A1357B0008DE33 /* VideosViewController.xib */ = {isa = PBXFileReference; lastKnownFileType = file.xib; path = VideosViewController.xib; sourceTree = "<group>"; };
		11B6E7EA29A135A10008DE33 /* PlaylistsViewController.swift */ = {isa = PBXFileReference; lastKnownFileType = sourcecode.swift; path = PlaylistsViewController.swift; sourceTree = "<group>"; };
		11B6E7EB29A135A10008DE33 /* PlaylistsViewController.xib */ = {isa = PBXFileReference; lastKnownFileType = file.xib; path = PlaylistsViewController.xib; sourceTree = "<group>"; };
		11B6E7EE29A135B90008DE33 /* ChannelsViewController.swift */ = {isa = PBXFileReference; lastKnownFileType = sourcecode.swift; path = ChannelsViewController.swift; sourceTree = "<group>"; };
		11B6E7EF29A135B90008DE33 /* ChannelsViewController.xib */ = {isa = PBXFileReference; lastKnownFileType = file.xib; path = ChannelsViewController.xib; sourceTree = "<group>"; };
		11B6E7F229A135CD0008DE33 /* AboutViewController.swift */ = {isa = PBXFileReference; lastKnownFileType = sourcecode.swift; path = AboutViewController.swift; sourceTree = "<group>"; };
		11B6E7F329A135CD0008DE33 /* AboutViewController.xib */ = {isa = PBXFileReference; lastKnownFileType = file.xib; path = AboutViewController.xib; sourceTree = "<group>"; };
		11B6E7F729A145760008DE33 /* ServiceLayer.swift */ = {isa = PBXFileReference; lastKnownFileType = sourcecode.swift; path = ServiceLayer.swift; sourceTree = "<group>"; };
		11B6E7F929A145800008DE33 /* NetworkError.swift */ = {isa = PBXFileReference; lastKnownFileType = sourcecode.swift; path = NetworkError.swift; sourceTree = "<group>"; };
		11B6E7FB29A145960008DE33 /* RequestModel.swift */ = {isa = PBXFileReference; lastKnownFileType = sourcecode.swift; path = RequestModel.swift; sourceTree = "<group>"; };
		11B6E7FE29A145CA0008DE33 /* Constants.swift */ = {isa = PBXFileReference; lastKnownFileType = sourcecode.swift; path = Constants.swift; sourceTree = "<group>"; };
		11BC9D98299F84AE00BDAA1B /* PlaylistModel.swift */ = {isa = PBXFileReference; lastKnownFileType = sourcecode.swift; path = PlaylistModel.swift; sourceTree = "<group>"; };
		11BC9D9A299FB33100BDAA1B /* VideoModel.swift */ = {isa = PBXFileReference; lastKnownFileType = sourcecode.swift; path = VideoModel.swift; sourceTree = "<group>"; };
		11BC9D9C299FB62C00BDAA1B /* ChannelsModel.swift */ = {isa = PBXFileReference; lastKnownFileType = sourcecode.swift; path = ChannelsModel.swift; sourceTree = "<group>"; };
		11BC9D9E299FB72700BDAA1B /* PlaylistItemsModel.swift */ = {isa = PBXFileReference; lastKnownFileType = sourcecode.swift; path = PlaylistItemsModel.swift; sourceTree = "<group>"; };
		11D454B029A92A5100870FAA /* SectionTitleView.swift */ = {isa = PBXFileReference; lastKnownFileType = sourcecode.swift; path = SectionTitleView.swift; sourceTree = "<group>"; };
		67951BEE8C0DA349AB18DE61 /* Pods_SamaTube.framework */ = {isa = PBXFileReference; explicitFileType = wrapper.framework; includeInIndex = 0; path = Pods_SamaTube.framework; sourceTree = BUILT_PRODUCTS_DIR; };
		9639C0B20EDC24FC1B517FCA /* Pods-SamaTube.release.xcconfig */ = {isa = PBXFileReference; includeInIndex = 1; lastKnownFileType = text.xcconfig; name = "Pods-SamaTube.release.xcconfig"; path = "Target Support Files/Pods-SamaTube/Pods-SamaTube.release.xcconfig"; sourceTree = "<group>"; };
		D6CF6207E457617E767B3FB7 /* Pods-SamaTube.debug.xcconfig */ = {isa = PBXFileReference; includeInIndex = 1; lastKnownFileType = text.xcconfig; name = "Pods-SamaTube.debug.xcconfig"; path = "Target Support Files/Pods-SamaTube/Pods-SamaTube.debug.xcconfig"; sourceTree = "<group>"; };
/* End PBXFileReference section */

/* Begin PBXFrameworksBuildPhase section */
		118AFB58299E35BC0070F9B9 /* Frameworks */ = {
			isa = PBXFrameworksBuildPhase;
			buildActionMask = 2147483647;
			files = (
				59A0C25DB5E9E5DEEF80BF5B /* Pods_SamaTube.framework in Frameworks */,
			);
			runOnlyForDeploymentPostprocessing = 0;
		};
/* End PBXFrameworksBuildPhase section */

/* Begin PBXGroup section */
		111F0FD129A231B70048CFB3 /* View */ = {
			isa = PBXGroup;
			children = (
				1125A4E829AB680200D6BDF7 /* BottomSheet */,
				11308F3229A7784D0010D98C /* CustomCells */,
				11B6E7E229A135640008DE33 /* HomeViewController.swift */,
				11B6E7E329A135640008DE33 /* HomeViewController.xib */,
			);
			path = View;
			sourceTree = "<group>";
		};
		111F0FD229A231BF0048CFB3 /* Presenter */ = {
			isa = PBXGroup;
			children = (
				111F0FD729A2342F0048CFB3 /* HomePresenter.swift */,
			);
			path = Presenter;
			sourceTree = "<group>";
		};
		111F0FD329A231C70048CFB3 /* Model */ = {
			isa = PBXGroup;
			children = (
				111F0FD429A232000048CFB3 /* Provider */,
			);
			path = Model;
			sourceTree = "<group>";
		};
		111F0FD429A232000048CFB3 /* Provider */ = {
			isa = PBXGroup;
			children = (
				111F0FD529A2320E0048CFB3 /* HomeProvider.swift */,
				1121103229A4E19C00BA3880 /* HomeProviderMock.swift */,
			);
			path = Provider;
			sourceTree = "<group>";
		};
		1121103429A4E1CC00BA3880 /* Mock */ = {
			isa = PBXGroup;
			children = (
				1121103E29A4E4C100BA3880 /* SearchVideos.json */,
				1121104129A4E4EB00BA3880 /* PlaylistItems.json */,
				1121103729A4E40C00BA3880 /* Channel.json */,
				1121103929A4E45200BA3880 /* Playlists.json */,
				1121104329A4E6B000BA3880 /* VideoOnlyOne.json */,
			);
			path = Mock;
			sourceTree = "<group>";
		};
		1125A4E829AB680200D6BDF7 /* BottomSheet */ = {
			isa = PBXGroup;
			children = (
				1125A4ED29AB6A9700D6BDF7 /* BottomSheet.swift */,
				1125A4EE29AB6A9700D6BDF7 /* BottomSheet.xib */,
			);
			path = BottomSheet;
			sourceTree = "<group>";
		};
		1125A4F129ABCCF700D6BDF7 /* Extensions */ = {
			isa = PBXGroup;
			children = (
				1125A4F229ABCD0900D6BDF7 /* UIViewExt.swift */,
			);
			path = Extensions;
			sourceTree = "<group>";
		};
		11308F3229A7784D0010D98C /* CustomCells */ = {
			isa = PBXGroup;
			children = (
				11308F3329A7787A0010D98C /* ChannelCellTableViewCell.swift */,
				11308F3429A7787A0010D98C /* ChannelCellTableViewCell.xib */,
				11308F3729A7789D0010D98C /* VideoCell.swift */,
				11308F3829A7789D0010D98C /* VideoCell.xib */,
				11308F3B29A778B80010D98C /* PlaylistCell.swift */,
				11308F3C29A778B80010D98C /* PlaylistCell.xib */,
				11D454B029A92A5100870FAA /* SectionTitleView.swift */,
			);
			path = CustomCells;
			sourceTree = "<group>";
		};
		118AFB52299E35BC0070F9B9 = {
			isa = PBXGroup;
			children = (
				118AFB5D299E35BC0070F9B9 /* SamaTube */,
				118AFB5C299E35BC0070F9B9 /* Products */,
				7E73ADDE199F1132D063AFDA /* Pods */,
				88EC7ED24174DC7EA14E13D8 /* Frameworks */,
			);
			sourceTree = "<group>";
		};
		118AFB5C299E35BC0070F9B9 /* Products */ = {
			isa = PBXGroup;
			children = (
				118AFB5B299E35BC0070F9B9 /* SamaTube.app */,
			);
			name = Products;
			sourceTree = "<group>";
		};
		118AFB5D299E35BC0070F9B9 /* SamaTube */ = {
			isa = PBXGroup;
			children = (
				11B6E7FD29A145C10008DE33 /* Utils */,
				11B6E7F629A145460008DE33 /* ServiceLayer */,
				11B6E7E129A135400008DE33 /* Home */,
				11B6E7E029A135380008DE33 /* Videos */,
				11B6E7DF29A1351A0008DE33 /* Playlists */,
				11B6E7DE29A1350F0008DE33 /* Channels */,
				11B6E7DD29A134FD0008DE33 /* About */,
				11B6E7D829A1330C0008DE33 /* Main */,
				11BC9D97299F849700BDAA1B /* Model */,
				118AFB5E299E35BC0070F9B9 /* AppDelegate.swift */,
				118AFB60299E35BC0070F9B9 /* SceneDelegate.swift */,
				118AFB62299E35BC0070F9B9 /* ViewController.swift */,
				118AFB64299E35BC0070F9B9 /* Main.storyboard */,
				118AFB67299E35BF0070F9B9 /* Assets.xcassets */,
				118AFB69299E35BF0070F9B9 /* LaunchScreen.storyboard */,
				118AFB6C299E35BF0070F9B9 /* Info.plist */,
			);
			path = SamaTube;
			sourceTree = "<group>";
		};
		11B6E7D829A1330C0008DE33 /* Main */ = {
			isa = PBXGroup;
			children = (
				11B6E7D929A1333F0008DE33 /* RootPageViewController.swift */,
				11B6E7DB29A133530008DE33 /* MainViewController.swift */,
			);
			path = Main;
			sourceTree = "<group>";
		};
		11B6E7DD29A134FD0008DE33 /* About */ = {
			isa = PBXGroup;
			children = (
				11B6E7F229A135CD0008DE33 /* AboutViewController.swift */,
				11B6E7F329A135CD0008DE33 /* AboutViewController.xib */,
			);
			path = About;
			sourceTree = "<group>";
		};
		11B6E7DE29A1350F0008DE33 /* Channels */ = {
			isa = PBXGroup;
			children = (
				11B6E7EE29A135B90008DE33 /* ChannelsViewController.swift */,
				11B6E7EF29A135B90008DE33 /* ChannelsViewController.xib */,
			);
			path = Channels;
			sourceTree = "<group>";
		};
		11B6E7DF29A1351A0008DE33 /* Playlists */ = {
			isa = PBXGroup;
			children = (
				11B6E7EA29A135A10008DE33 /* PlaylistsViewController.swift */,
				11B6E7EB29A135A10008DE33 /* PlaylistsViewController.xib */,
			);
			path = Playlists;
			sourceTree = "<group>";
		};
		11B6E7E029A135380008DE33 /* Videos */ = {
			isa = PBXGroup;
			children = (
				11B6E7E629A1357B0008DE33 /* VideosViewController.swift */,
				11B6E7E729A1357B0008DE33 /* VideosViewController.xib */,
			);
			path = Videos;
			sourceTree = "<group>";
		};
		11B6E7E129A135400008DE33 /* Home */ = {
			isa = PBXGroup;
			children = (
				111F0FD329A231C70048CFB3 /* Model */,
				111F0FD129A231B70048CFB3 /* View */,
				111F0FD229A231BF0048CFB3 /* Presenter */,
			);
			path = Home;
			sourceTree = "<group>";
		};
		11B6E7F629A145460008DE33 /* ServiceLayer */ = {
			isa = PBXGroup;
			children = (
				11B6E7F729A145760008DE33 /* ServiceLayer.swift */,
				11B6E7F929A145800008DE33 /* NetworkError.swift */,
				11B6E7FB29A145960008DE33 /* RequestModel.swift */,
			);
			path = ServiceLayer;
			sourceTree = "<group>";
		};
		11B6E7FD29A145C10008DE33 /* Utils */ = {
			isa = PBXGroup;
			children = (
				1125A4F129ABCCF700D6BDF7 /* Extensions */,
				1121103429A4E1CC00BA3880 /* Mock */,
				11B6E7FE29A145CA0008DE33 /* Constants.swift */,
				1121103529A4E1DF00BA3880 /* Utils.swift */,
				1172E83429A777450012156E /* MockManager.swift */,
			);
			path = Utils;
			sourceTree = "<group>";
		};
		11BC9D97299F849700BDAA1B /* Model */ = {
			isa = PBXGroup;
			children = (
				11BC9D9C299FB62C00BDAA1B /* ChannelsModel.swift */,
				11BC9D9A299FB33100BDAA1B /* VideoModel.swift */,
				11BC9D98299F84AE00BDAA1B /* PlaylistModel.swift */,
				11BC9D9E299FB72700BDAA1B /* PlaylistItemsModel.swift */,
			);
			path = Model;
			sourceTree = "<group>";
		};
		7E73ADDE199F1132D063AFDA /* Pods */ = {
			isa = PBXGroup;
			children = (
				D6CF6207E457617E767B3FB7 /* Pods-SamaTube.debug.xcconfig */,
				9639C0B20EDC24FC1B517FCA /* Pods-SamaTube.release.xcconfig */,
			);
			path = Pods;
			sourceTree = "<group>";
		};
		88EC7ED24174DC7EA14E13D8 /* Frameworks */ = {
			isa = PBXGroup;
			children = (
				67951BEE8C0DA349AB18DE61 /* Pods_SamaTube.framework */,
			);
			name = Frameworks;
			sourceTree = "<group>";
		};
/* End PBXGroup section */

/* Begin PBXNativeTarget section */
		118AFB5A299E35BC0070F9B9 /* SamaTube */ = {
			isa = PBXNativeTarget;
			buildConfigurationList = 118AFB6F299E35BF0070F9B9 /* Build configuration list for PBXNativeTarget "SamaTube" */;
			buildPhases = (
				4857BD0A3FBCBD6443B8CDF7 /* [CP] Check Pods Manifest.lock */,
				118AFB57299E35BC0070F9B9 /* Sources */,
				118AFB58299E35BC0070F9B9 /* Frameworks */,
				118AFB59299E35BC0070F9B9 /* Resources */,
				C39EBD0AE534491A441D9588 /* [CP] Embed Pods Frameworks */,
			);
			buildRules = (
			);
			dependencies = (
			);
			name = SamaTube;
			productName = SamaTube;
			productReference = 118AFB5B299E35BC0070F9B9 /* SamaTube.app */;
			productType = "com.apple.product-type.application";
		};
/* End PBXNativeTarget section */

/* Begin PBXProject section */
		118AFB53299E35BC0070F9B9 /* Project object */ = {
			isa = PBXProject;
			attributes = {
				BuildIndependentTargetsInParallel = 1;
				LastSwiftUpdateCheck = 1420;
				LastUpgradeCheck = 1420;
				TargetAttributes = {
					118AFB5A299E35BC0070F9B9 = {
						CreatedOnToolsVersion = 14.2;
					};
				};
			};
			buildConfigurationList = 118AFB56299E35BC0070F9B9 /* Build configuration list for PBXProject "SamaTube" */;
			compatibilityVersion = "Xcode 13.0";
			developmentRegion = en;
			hasScannedForEncodings = 0;
			knownRegions = (
				en,
				Base,
			);
			mainGroup = 118AFB52299E35BC0070F9B9;
			productRefGroup = 118AFB5C299E35BC0070F9B9 /* Products */;
			projectDirPath = "";
			projectRoot = "";
			targets = (
				118AFB5A299E35BC0070F9B9 /* SamaTube */,
			);
		};
/* End PBXProject section */

/* Begin PBXResourcesBuildPhase section */
		118AFB59299E35BC0070F9B9 /* Resources */ = {
			isa = PBXResourcesBuildPhase;
			buildActionMask = 2147483647;
			files = (
				1125A4F029AB6A9700D6BDF7 /* BottomSheet.xib in Resources */,
				11308F3A29A7789D0010D98C /* VideoCell.xib in Resources */,
				11B6E7ED29A135A10008DE33 /* PlaylistsViewController.xib in Resources */,
				1121103829A4E40C00BA3880 /* Channel.json in Resources */,
				11308F3E29A778B80010D98C /* PlaylistCell.xib in Resources */,
				118AFB6B299E35BF0070F9B9 /* LaunchScreen.storyboard in Resources */,
				1121103F29A4E4C100BA3880 /* SearchVideos.json in Resources */,
				11B6E7F529A135CD0008DE33 /* AboutViewController.xib in Resources */,
				118AFB68299E35BF0070F9B9 /* Assets.xcassets in Resources */,
				1121104429A4E6B000BA3880 /* VideoOnlyOne.json in Resources */,
				11B6E7E929A1357B0008DE33 /* VideosViewController.xib in Resources */,
				118AFB66299E35BC0070F9B9 /* Main.storyboard in Resources */,
				11B6E7E529A135640008DE33 /* HomeViewController.xib in Resources */,
				11B6E7F129A135B90008DE33 /* ChannelsViewController.xib in Resources */,
				1121104229A4E4EB00BA3880 /* PlaylistItems.json in Resources */,
				1121103A29A4E45200BA3880 /* Playlists.json in Resources */,
				11308F3629A7787A0010D98C /* ChannelCellTableViewCell.xib in Resources */,
			);
			runOnlyForDeploymentPostprocessing = 0;
		};
/* End PBXResourcesBuildPhase section */

/* Begin PBXShellScriptBuildPhase section */
		4857BD0A3FBCBD6443B8CDF7 /* [CP] Check Pods Manifest.lock */ = {
			isa = PBXShellScriptBuildPhase;
			buildActionMask = 2147483647;
			files = (
			);
			inputFileListPaths = (
			);
			inputPaths = (
				"${PODS_PODFILE_DIR_PATH}/Podfile.lock",
				"${PODS_ROOT}/Manifest.lock",
			);
			name = "[CP] Check Pods Manifest.lock";
			outputFileListPaths = (
			);
			outputPaths = (
				"$(DERIVED_FILE_DIR)/Pods-SamaTube-checkManifestLockResult.txt",
			);
			runOnlyForDeploymentPostprocessing = 0;
			shellPath = /bin/sh;
			shellScript = "diff \"${PODS_PODFILE_DIR_PATH}/Podfile.lock\" \"${PODS_ROOT}/Manifest.lock\" > /dev/null\nif [ $? != 0 ] ; then\n    # print error to STDERR\n    echo \"error: The sandbox is not in sync with the Podfile.lock. Run 'pod install' or update your CocoaPods installation.\" >&2\n    exit 1\nfi\n# This output is used by Xcode 'outputs' to avoid re-running this script phase.\necho \"SUCCESS\" > \"${SCRIPT_OUTPUT_FILE_0}\"\n";
			showEnvVarsInLog = 0;
		};
		C39EBD0AE534491A441D9588 /* [CP] Embed Pods Frameworks */ = {
			isa = PBXShellScriptBuildPhase;
			buildActionMask = 2147483647;
			files = (
			);
			inputFileListPaths = (
				"${PODS_ROOT}/Target Support Files/Pods-SamaTube/Pods-SamaTube-frameworks-${CONFIGURATION}-input-files.xcfilelist",
			);
			name = "[CP] Embed Pods Frameworks";
			outputFileListPaths = (
				"${PODS_ROOT}/Target Support Files/Pods-SamaTube/Pods-SamaTube-frameworks-${CONFIGURATION}-output-files.xcfilelist",
			);
			runOnlyForDeploymentPostprocessing = 0;
			shellPath = /bin/sh;
			shellScript = "\"${PODS_ROOT}/Target Support Files/Pods-SamaTube/Pods-SamaTube-frameworks.sh\"\n";
			showEnvVarsInLog = 0;
		};
/* End PBXShellScriptBuildPhase section */

/* Begin PBXSourcesBuildPhase section */
		118AFB57299E35BC0070F9B9 /* Sources */ = {
			isa = PBXSourcesBuildPhase;
			buildActionMask = 2147483647;
			files = (
				118AFB63299E35BC0070F9B9 /* ViewController.swift in Sources */,
				11B6E7FA29A145800008DE33 /* NetworkError.swift in Sources */,
				1125A4EF29AB6A9700D6BDF7 /* BottomSheet.swift in Sources */,
				11BC9D99299F84AE00BDAA1B /* PlaylistModel.swift in Sources */,
				111F0FD829A2342F0048CFB3 /* HomePresenter.swift in Sources */,
				11B6E7E829A1357B0008DE33 /* VideosViewController.swift in Sources */,
				11308F3929A7789D0010D98C /* VideoCell.swift in Sources */,
				118AFB5F299E35BC0070F9B9 /* AppDelegate.swift in Sources */,
				1121103329A4E19C00BA3880 /* HomeProviderMock.swift in Sources */,
				1121103629A4E1DF00BA3880 /* Utils.swift in Sources */,
				11B6E7EC29A135A10008DE33 /* PlaylistsViewController.swift in Sources */,
				11B6E7FC29A145960008DE33 /* RequestModel.swift in Sources */,
				11308F3D29A778B80010D98C /* PlaylistCell.swift in Sources */,
				11BC9D9D299FB62C00BDAA1B /* ChannelsModel.swift in Sources */,
				1172E83529A777450012156E /* MockManager.swift in Sources */,
				11BC9D9B299FB33100BDAA1B /* VideoModel.swift in Sources */,
				11308F3529A7787A0010D98C /* ChannelCellTableViewCell.swift in Sources */,
				11B6E7E429A135640008DE33 /* HomeViewController.swift in Sources */,
				11BC9D9F299FB72700BDAA1B /* PlaylistItemsModel.swift in Sources */,
				111F0FD629A2320E0048CFB3 /* HomeProvider.swift in Sources */,
				11B6E7DC29A133530008DE33 /* MainViewController.swift in Sources */,
				11B6E7F829A145760008DE33 /* ServiceLayer.swift in Sources */,
				11B6E7F429A135CD0008DE33 /* AboutViewController.swift in Sources */,
				11B6E7F029A135B90008DE33 /* ChannelsViewController.swift in Sources */,
				1125A4F329ABCD0900D6BDF7 /* UIViewExt.swift in Sources */,
				11D454B129A92A5100870FAA /* SectionTitleView.swift in Sources */,
				118AFB61299E35BC0070F9B9 /* SceneDelegate.swift in Sources */,
				11B6E7DA29A1333F0008DE33 /* RootPageViewController.swift in Sources */,
				11B6E7FF29A145CA0008DE33 /* Constants.swift in Sources */,
			);
			runOnlyForDeploymentPostprocessing = 0;
		};
/* End PBXSourcesBuildPhase section */

/* Begin PBXVariantGroup section */
		118AFB64299E35BC0070F9B9 /* Main.storyboard */ = {
			isa = PBXVariantGroup;
			children = (
				118AFB65299E35BC0070F9B9 /* Base */,
			);
			name = Main.storyboard;
			sourceTree = "<group>";
		};
		118AFB69299E35BF0070F9B9 /* LaunchScreen.storyboard */ = {
			isa = PBXVariantGroup;
			children = (
				118AFB6A299E35BF0070F9B9 /* Base */,
			);
			name = LaunchScreen.storyboard;
			sourceTree = "<group>";
		};
/* End PBXVariantGroup section */

/* Begin XCBuildConfiguration section */
		118AFB6D299E35BF0070F9B9 /* Debug */ = {
			isa = XCBuildConfiguration;
			buildSettings = {
				ALWAYS_SEARCH_USER_PATHS = NO;
				CLANG_ANALYZER_NONNULL = YES;
				CLANG_ANALYZER_NUMBER_OBJECT_CONVERSION = YES_AGGRESSIVE;
				CLANG_CXX_LANGUAGE_STANDARD = "gnu++20";
				CLANG_ENABLE_MODULES = YES;
				CLANG_ENABLE_OBJC_ARC = YES;
				CLANG_ENABLE_OBJC_WEAK = YES;
				CLANG_WARN_BLOCK_CAPTURE_AUTORELEASING = YES;
				CLANG_WARN_BOOL_CONVERSION = YES;
				CLANG_WARN_COMMA = YES;
				CLANG_WARN_CONSTANT_CONVERSION = YES;
				CLANG_WARN_DEPRECATED_OBJC_IMPLEMENTATIONS = YES;
				CLANG_WARN_DIRECT_OBJC_ISA_USAGE = YES_ERROR;
				CLANG_WARN_DOCUMENTATION_COMMENTS = YES;
				CLANG_WARN_EMPTY_BODY = YES;
				CLANG_WARN_ENUM_CONVERSION = YES;
				CLANG_WARN_INFINITE_RECURSION = YES;
				CLANG_WARN_INT_CONVERSION = YES;
				CLANG_WARN_NON_LITERAL_NULL_CONVERSION = YES;
				CLANG_WARN_OBJC_IMPLICIT_RETAIN_SELF = YES;
				CLANG_WARN_OBJC_LITERAL_CONVERSION = YES;
				CLANG_WARN_OBJC_ROOT_CLASS = YES_ERROR;
				CLANG_WARN_QUOTED_INCLUDE_IN_FRAMEWORK_HEADER = YES;
				CLANG_WARN_RANGE_LOOP_ANALYSIS = YES;
				CLANG_WARN_STRICT_PROTOTYPES = YES;
				CLANG_WARN_SUSPICIOUS_MOVE = YES;
				CLANG_WARN_UNGUARDED_AVAILABILITY = YES_AGGRESSIVE;
				CLANG_WARN_UNREACHABLE_CODE = YES;
				CLANG_WARN__DUPLICATE_METHOD_MATCH = YES;
				COPY_PHASE_STRIP = NO;
				DEBUG_INFORMATION_FORMAT = dwarf;
				ENABLE_STRICT_OBJC_MSGSEND = YES;
				ENABLE_TESTABILITY = YES;
				GCC_C_LANGUAGE_STANDARD = gnu11;
				GCC_DYNAMIC_NO_PIC = NO;
				GCC_NO_COMMON_BLOCKS = YES;
				GCC_OPTIMIZATION_LEVEL = 0;
				GCC_PREPROCESSOR_DEFINITIONS = (
					"DEBUG=1",
					"$(inherited)",
				);
				GCC_WARN_64_TO_32_BIT_CONVERSION = YES;
				GCC_WARN_ABOUT_RETURN_TYPE = YES_ERROR;
				GCC_WARN_UNDECLARED_SELECTOR = YES;
				GCC_WARN_UNINITIALIZED_AUTOS = YES_AGGRESSIVE;
				GCC_WARN_UNUSED_FUNCTION = YES;
				GCC_WARN_UNUSED_VARIABLE = YES;
				IPHONEOS_DEPLOYMENT_TARGET = 16.2;
				MTL_ENABLE_DEBUG_INFO = INCLUDE_SOURCE;
				MTL_FAST_MATH = YES;
				ONLY_ACTIVE_ARCH = YES;
				SDKROOT = iphoneos;
				SWIFT_ACTIVE_COMPILATION_CONDITIONS = DEBUG;
				SWIFT_OPTIMIZATION_LEVEL = "-Onone";
			};
			name = Debug;
		};
		118AFB6E299E35BF0070F9B9 /* Release */ = {
			isa = XCBuildConfiguration;
			buildSettings = {
				ALWAYS_SEARCH_USER_PATHS = NO;
				CLANG_ANALYZER_NONNULL = YES;
				CLANG_ANALYZER_NUMBER_OBJECT_CONVERSION = YES_AGGRESSIVE;
				CLANG_CXX_LANGUAGE_STANDARD = "gnu++20";
				CLANG_ENABLE_MODULES = YES;
				CLANG_ENABLE_OBJC_ARC = YES;
				CLANG_ENABLE_OBJC_WEAK = YES;
				CLANG_WARN_BLOCK_CAPTURE_AUTORELEASING = YES;
				CLANG_WARN_BOOL_CONVERSION = YES;
				CLANG_WARN_COMMA = YES;
				CLANG_WARN_CONSTANT_CONVERSION = YES;
				CLANG_WARN_DEPRECATED_OBJC_IMPLEMENTATIONS = YES;
				CLANG_WARN_DIRECT_OBJC_ISA_USAGE = YES_ERROR;
				CLANG_WARN_DOCUMENTATION_COMMENTS = YES;
				CLANG_WARN_EMPTY_BODY = YES;
				CLANG_WARN_ENUM_CONVERSION = YES;
				CLANG_WARN_INFINITE_RECURSION = YES;
				CLANG_WARN_INT_CONVERSION = YES;
				CLANG_WARN_NON_LITERAL_NULL_CONVERSION = YES;
				CLANG_WARN_OBJC_IMPLICIT_RETAIN_SELF = YES;
				CLANG_WARN_OBJC_LITERAL_CONVERSION = YES;
				CLANG_WARN_OBJC_ROOT_CLASS = YES_ERROR;
				CLANG_WARN_QUOTED_INCLUDE_IN_FRAMEWORK_HEADER = YES;
				CLANG_WARN_RANGE_LOOP_ANALYSIS = YES;
				CLANG_WARN_STRICT_PROTOTYPES = YES;
				CLANG_WARN_SUSPICIOUS_MOVE = YES;
				CLANG_WARN_UNGUARDED_AVAILABILITY = YES_AGGRESSIVE;
				CLANG_WARN_UNREACHABLE_CODE = YES;
				CLANG_WARN__DUPLICATE_METHOD_MATCH = YES;
				COPY_PHASE_STRIP = NO;
				DEBUG_INFORMATION_FORMAT = "dwarf-with-dsym";
				ENABLE_NS_ASSERTIONS = NO;
				ENABLE_STRICT_OBJC_MSGSEND = YES;
				GCC_C_LANGUAGE_STANDARD = gnu11;
				GCC_NO_COMMON_BLOCKS = YES;
				GCC_WARN_64_TO_32_BIT_CONVERSION = YES;
				GCC_WARN_ABOUT_RETURN_TYPE = YES_ERROR;
				GCC_WARN_UNDECLARED_SELECTOR = YES;
				GCC_WARN_UNINITIALIZED_AUTOS = YES_AGGRESSIVE;
				GCC_WARN_UNUSED_FUNCTION = YES;
				GCC_WARN_UNUSED_VARIABLE = YES;
				IPHONEOS_DEPLOYMENT_TARGET = 16.2;
				MTL_ENABLE_DEBUG_INFO = NO;
				MTL_FAST_MATH = YES;
				SDKROOT = iphoneos;
				SWIFT_COMPILATION_MODE = wholemodule;
				SWIFT_OPTIMIZATION_LEVEL = "-O";
				VALIDATE_PRODUCT = YES;
			};
			name = Release;
		};
		118AFB70299E35BF0070F9B9 /* Debug */ = {
			isa = XCBuildConfiguration;
			baseConfigurationReference = D6CF6207E457617E767B3FB7 /* Pods-SamaTube.debug.xcconfig */;
			buildSettings = {
				ASSETCATALOG_COMPILER_APPICON_NAME = AppIcon;
				ASSETCATALOG_COMPILER_GLOBAL_ACCENT_COLOR_NAME = AccentColor;
				CODE_SIGN_STYLE = Automatic;
				CURRENT_PROJECT_VERSION = 1;
				DEVELOPMENT_TEAM = 7B98K56955;
				GENERATE_INFOPLIST_FILE = YES;
				INFOPLIST_FILE = SamaTube/Info.plist;
				INFOPLIST_KEY_UIApplicationSupportsIndirectInputEvents = YES;
				INFOPLIST_KEY_UILaunchStoryboardName = LaunchScreen;
				INFOPLIST_KEY_UIMainStoryboardFile = Main;
				INFOPLIST_KEY_UISupportedInterfaceOrientations_iPad = "UIInterfaceOrientationPortrait UIInterfaceOrientationPortraitUpsideDown UIInterfaceOrientationLandscapeLeft UIInterfaceOrientationLandscapeRight";
				INFOPLIST_KEY_UISupportedInterfaceOrientations_iPhone = "UIInterfaceOrientationPortrait UIInterfaceOrientationLandscapeLeft UIInterfaceOrientationLandscapeRight";
				LD_RUNPATH_SEARCH_PATHS = (
					"$(inherited)",
					"@executable_path/Frameworks",
				);
				MARKETING_VERSION = 1.0;
				PRODUCT_BUNDLE_IDENTIFIER = JorgeFuentes.SamaTube;
				PRODUCT_NAME = "$(TARGET_NAME)";
				SWIFT_EMIT_LOC_STRINGS = YES;
				SWIFT_VERSION = 5.0;
				TARGETED_DEVICE_FAMILY = "1,2";
			};
			name = Debug;
		};
		118AFB71299E35BF0070F9B9 /* Release */ = {
			isa = XCBuildConfiguration;
			baseConfigurationReference = 9639C0B20EDC24FC1B517FCA /* Pods-SamaTube.release.xcconfig */;
			buildSettings = {
				ASSETCATALOG_COMPILER_APPICON_NAME = AppIcon;
				ASSETCATALOG_COMPILER_GLOBAL_ACCENT_COLOR_NAME = AccentColor;
				CODE_SIGN_STYLE = Automatic;
				CURRENT_PROJECT_VERSION = 1;
				DEVELOPMENT_TEAM = 7B98K56955;
				GENERATE_INFOPLIST_FILE = YES;
				INFOPLIST_FILE = SamaTube/Info.plist;
				INFOPLIST_KEY_UIApplicationSupportsIndirectInputEvents = YES;
				INFOPLIST_KEY_UILaunchStoryboardName = LaunchScreen;
				INFOPLIST_KEY_UIMainStoryboardFile = Main;
				INFOPLIST_KEY_UISupportedInterfaceOrientations_iPad = "UIInterfaceOrientationPortrait UIInterfaceOrientationPortraitUpsideDown UIInterfaceOrientationLandscapeLeft UIInterfaceOrientationLandscapeRight";
				INFOPLIST_KEY_UISupportedInterfaceOrientations_iPhone = "UIInterfaceOrientationPortrait UIInterfaceOrientationLandscapeLeft UIInterfaceOrientationLandscapeRight";
				LD_RUNPATH_SEARCH_PATHS = (
					"$(inherited)",
					"@executable_path/Frameworks",
				);
				MARKETING_VERSION = 1.0;
				PRODUCT_BUNDLE_IDENTIFIER = JorgeFuentes.SamaTube;
				PRODUCT_NAME = "$(TARGET_NAME)";
				SWIFT_EMIT_LOC_STRINGS = YES;
				SWIFT_VERSION = 5.0;
				TARGETED_DEVICE_FAMILY = "1,2";
			};
			name = Release;
		};
/* End XCBuildConfiguration section */

/* Begin XCConfigurationList section */
		118AFB56299E35BC0070F9B9 /* Build configuration list for PBXProject "SamaTube" */ = {
			isa = XCConfigurationList;
			buildConfigurations = (
				118AFB6D299E35BF0070F9B9 /* Debug */,
				118AFB6E299E35BF0070F9B9 /* Release */,
			);
			defaultConfigurationIsVisible = 0;
			defaultConfigurationName = Release;
		};
		118AFB6F299E35BF0070F9B9 /* Build configuration list for PBXNativeTarget "SamaTube" */ = {
			isa = XCConfigurationList;
			buildConfigurations = (
				118AFB70299E35BF0070F9B9 /* Debug */,
				118AFB71299E35BF0070F9B9 /* Release */,
			);
			defaultConfigurationIsVisible = 0;
			defaultConfigurationName = Release;
		};
/* End XCConfigurationList section */
	};
	rootObject = 118AFB53299E35BC0070F9B9 /* Project object */;
}
